
Microsoft Visual Studio Solution File, Format Version 12.00
# Visual Studio Version 16
VisualStudioVersion = 16.0.28729.10
MinimumVisualStudioVersion = 10.0.40219.1
Project("{A07B5EB6-E848-4116-A8D0-A826331D98C6}") = "PlayersPool", "PlayersPool\PlayersPool.sfproj", "{7C1FF4A6-4175-4B55-914E-BD3504D39B2E}"
EndProject
Project("{9A19103F-16F7-4668-BE54-9A1E7A4F7556}") = "PlayersPool.API.Stateful", "PlayersPool.API.Stateful\PlayersPool.API.Stateful.csproj", "{9AE07DD4-B647-4102-8F90-211F5374DA44}"
EndProject
Project("{FAE04EC0-301F-11D3-BF4B-00C04F79EFBC}") = "PlayersPool.API.Staless", "PlayersPool.API.Staless\PlayersPool.API.Staless.csproj", "{BADF1678-EE95-40D4-9EAF-7E21E5EFD54F}"
EndProject
Project("{2150E333-8FDC-42A3-9474-1A3956D46DE8}") = "API", "API", "{12BDF656-0FFA-490B-93C0-6E884408E9CA}"
EndProject
Global
	GlobalSection(SolutionConfigurationPlatforms) = preSolution
		Debug|Any CPU = Debug|Any CPU
		Debug|x64 = Debug|x64
		Release|Any CPU = Release|Any CPU
		Release|x64 = Release|x64
	EndGlobalSection
	GlobalSection(ProjectConfigurationPlatforms) = postSolution
		{7C1FF4A6-4175-4B55-914E-BD3504D39B2E}.Debug|Any CPU.ActiveCfg = Debug|x64
		{7C1FF4A6-4175-4B55-914E-BD3504D39B2E}.Debug|x64.ActiveCfg = Debug|x64
		{7C1FF4A6-4175-4B55-914E-BD3504D39B2E}.Debug|x64.Build.0 = Debug|x64
		{7C1FF4A6-4175-4B55-914E-BD3504D39B2E}.Debug|x64.Deploy.0 = Debug|x64
		{7C1FF4A6-4175-4B55-914E-BD3504D39B2E}.Release|Any CPU.ActiveCfg = Release|x64
		{7C1FF4A6-4175-4B55-914E-BD3504D39B2E}.Release|x64.ActiveCfg = Release|x64
		{7C1FF4A6-4175-4B55-914E-BD3504D39B2E}.Release|x64.Build.0 = Release|x64
		{7C1FF4A6-4175-4B55-914E-BD3504D39B2E}.Release|x64.Deploy.0 = Release|x64
		{9AE07DD4-B647-4102-8F90-211F5374DA44}.Debug|Any CPU.ActiveCfg = Debug|Any CPU
		{9AE07DD4-B647-4102-8F90-211F5374DA44}.Debug|Any CPU.Build.0 = Debug|Any CPU
		{9AE07DD4-B647-4102-8F90-211F5374DA44}.Debug|x64.ActiveCfg = Debug|Any CPU
		{9AE07DD4-B647-4102-8F90-211F5374DA44}.Debug|x64.Build.0 = Debug|Any CPU
		{9AE07DD4-B647-4102-8F90-211F5374DA44}.Release|Any CPU.ActiveCfg = Release|Any CPU
		{9AE07DD4-B647-4102-8F90-211F5374DA44}.Release|Any CPU.Build.0 = Release|Any CPU
		{9AE07DD4-B647-4102-8F90-211F5374DA44}.Release|x64.ActiveCfg = Release|Any CPU
		{9AE07DD4-B647-4102-8F90-211F5374DA44}.Release|x64.Build.0 = Release|Any CPU
		{BADF1678-EE95-40D4-9EAF-7E21E5EFD54F}.Debug|Any CPU.ActiveCfg = Debug|Any CPU
		{BADF1678-EE95-40D4-9EAF-7E21E5EFD54F}.Debug|Any CPU.Build.0 = Debug|Any CPU
		{BADF1678-EE95-40D4-9EAF-7E21E5EFD54F}.Debug|x64.ActiveCfg = Debug|Any CPU
		{BADF1678-EE95-40D4-9EAF-7E21E5EFD54F}.Debug|x64.Build.0 = Debug|Any CPU
		{BADF1678-EE95-40D4-9EAF-7E21E5EFD54F}.Release|Any CPU.ActiveCfg = Release|Any CPU
		{BADF1678-EE95-40D4-9EAF-7E21E5EFD54F}.Release|Any CPU.Build.0 = Release|Any CPU
		{BADF1678-EE95-40D4-9EAF-7E21E5EFD54F}.Release|x64.ActiveCfg = Release|Any CPU
		{BADF1678-EE95-40D4-9EAF-7E21E5EFD54F}.Release|x64.Build.0 = Release|Any CPU
	EndGlobalSection
	GlobalSection(SolutionProperties) = preSolution
		HideSolutionNode = FALSE
	EndGlobalSection
	GlobalSection(NestedProjects) = preSolution
		{9AE07DD4-B647-4102-8F90-211F5374DA44} = {12BDF656-0FFA-490B-93C0-6E884408E9CA}
		{BADF1678-EE95-40D4-9EAF-7E21E5EFD54F} = {12BDF656-0FFA-490B-93C0-6E884408E9CA}
	EndGlobalSection
	GlobalSection(ExtensibilityGlobals) = postSolution
		SolutionGuid = {1A035C79-76AB-4C54-866A-A1841C6EA2C3}
	EndGlobalSection
EndGlobal
